
Microsoft Visual Studio Solution File, Format Version 12.00
# Visual Studio Version 17
VisualStudioVersion = 17.8.34330.188
MinimumVisualStudioVersion = 10.0.40219.1
Project("{FAE04EC0-301F-11D3-BF4B-00C04F79EFBC}") = "SoulSmith.Core", "SoulSmith.Core.csproj", "{9E55AF98-FB88-4EB2-9F3A-E7FF5190178D}"
EndProject
Global
	GlobalSection(SolutionConfigurationPlatforms) = preSolution
		Debug|Any CPU = Debug|Any CPU
		Release|Any CPU = Release|Any CPU
	EndGlobalSection
	GlobalSection(ProjectConfigurationPlatforms) = postSolution
		{9E55AF98-FB88-4EB2-9F3A-E7FF5190178D}.Debug|Any CPU.ActiveCfg = Debug|Any CPU
		{9E55AF98-FB88-4EB2-9F3A-E7FF5190178D}.Debug|Any CPU.Build.0 = Debug|Any CPU
		{9E55AF98-FB88-4EB2-9F3A-E7FF5190178D}.Release|Any CPU.ActiveCfg = Release|Any CPU
		{9E55AF98-FB88-4EB2-9F3A-E7FF5190178D}.Release|Any CPU.Build.0 = Release|Any CPU
	EndGlobalSection
	GlobalSection(SolutionProperties) = preSolution
		HideSolutionNode = FALSE
	EndGlobalSection
	GlobalSection(ExtensibilityGlobals) = postSolution
		SolutionGuid = {C3EA37C0-7238-40BC-896C-C42A1DBBC58C}
	EndGlobalSection
EndGlobal
